
Microsoft Visual Studio Solution File, Format Version 12.00
# Visual Studio Version 17
VisualStudioVersion = 17.10.35004.147
MinimumVisualStudioVersion = 10.0.40219.1
Project("{FAE04EC0-301F-11D3-BF4B-00C04F79EFBC}") = "SneakerStoreWebsite", "SneakerStoreWebsite\SneakerStoreWebsite.csproj", "{476BD2CA-69D3-486C-A354-5D397E81D823}"
EndProject
Global
	GlobalSection(SolutionConfigurationPlatforms) = preSolution
		Debug|Any CPU = Debug|Any CPU
		Release|Any CPU = Release|Any CPU
	EndGlobalSection
	GlobalSection(ProjectConfigurationPlatforms) = postSolution
		{476BD2CA-69D3-486C-A354-5D397E81D823}.Debug|Any CPU.ActiveCfg = Debug|Any CPU
		{476BD2CA-69D3-486C-A354-5D397E81D823}.Debug|Any CPU.Build.0 = Debug|Any CPU
		{476BD2CA-69D3-486C-A354-5D397E81D823}.Release|Any CPU.ActiveCfg = Release|Any CPU
		{476BD2CA-69D3-486C-A354-5D397E81D823}.Release|Any CPU.Build.0 = Release|Any CPU
	EndGlobalSection
	GlobalSection(SolutionProperties) = preSolution
		HideSolutionNode = FALSE
	EndGlobalSection
	GlobalSection(ExtensibilityGlobals) = postSolution
		SolutionGuid = {32EC01C4-BCD3-4420-AE53-D0EF1274CA13}
	EndGlobalSection
EndGlobal
